
Microsoft Visual Studio Solution File, Format Version 12.00
# Visual Studio Version 16
VisualStudioVersion = 16.0.31205.134
MinimumVisualStudioVersion = 10.0.40219.1
Project("{FAE04EC0-301F-11D3-BF4B-00C04F79EFBC}") = "项目-网络音乐播放器", "项目-网络音乐播放器\项目-网络音乐播放器.csproj", "{65997F81-797A-46C5-8BB9-8137B9FB7CA4}"
EndProject
Global
	GlobalSection(SolutionConfigurationPlatforms) = preSolution
		Debug|Any CPU = Debug|Any CPU
		Release|Any CPU = Release|Any CPU
	EndGlobalSection
	GlobalSection(ProjectConfigurationPlatforms) = postSolution
		{65997F81-797A-46C5-8BB9-8137B9FB7CA4}.Debug|Any CPU.ActiveCfg = Debug|Any CPU
		{65997F81-797A-46C5-8BB9-8137B9FB7CA4}.Debug|Any CPU.Build.0 = Debug|Any CPU
		{65997F81-797A-46C5-8BB9-8137B9FB7CA4}.Release|Any CPU.ActiveCfg = Release|Any CPU
		{65997F81-797A-46C5-8BB9-8137B9FB7CA4}.Release|Any CPU.Build.0 = Release|Any CPU
	EndGlobalSection
	GlobalSection(SolutionProperties) = preSolution
		HideSolutionNode = FALSE
	EndGlobalSection
	GlobalSection(ExtensibilityGlobals) = postSolution
		SolutionGuid = {22C44BBC-0991-4F72-AACE-66978317425B}
	EndGlobalSection
EndGlobal
